<?xml version="1.0" encoding="utf-8"?>
<Project ToolsVersion="17.0" xmlns="http://schemas.microsoft.com/developer/msbuild/2003">
  <ItemGroup>
    <ClCompile Include="D:\MPC-MOK\project\PyRBinLWE\source\app\main.cpp">
      <Filter>Source Files</Filter>
    </ClCompile>
  </ItemGroup>
  <ItemGroup>
    <CustomBuild Include="D:\MPC-MOK\project\PyRBinLWE\CMakeLists.txt" />
  </ItemGroup>
  <ItemGroup>
    <Filter Include="Source Files">
      <UniqueIdentifier>{0FF565D0-85C1-3C3B-BAAC-C16132D0A910}</UniqueIdentifier>
    </Filter>
  </ItemGroup>
</Project>
