<?xml version="1.0" encoding="utf-8"?>
<Project ToolsVersion="17.0" xmlns="http://schemas.microsoft.com/developer/msbuild/2003">
  <ItemGroup>
    <ClCompile Include="D:\MPC-MOK\project\mpa_mok_project_git\PyRBinLWE\source\module\module.cpp">
      <Filter>Source Files</Filter>
    </ClCompile>
    <ClCompile Include="..\source\module\Encryptor.cpp">
      <Filter>Source Files</Filter>
    </ClCompile>
    <ClCompile Include="..\source\module\Polynomial.cpp">
      <Filter>Source Files</Filter>
    </ClCompile>
  </ItemGroup>
  <ItemGroup>
    <CustomBuild Include="D:\MPC-MOK\project\mpa_mok_project_git\PyRBinLWE\CMakeLists.txt" />
  </ItemGroup>
  <ItemGroup>
    <Filter Include="Source Files">
      <UniqueIdentifier>{9C57937E-49AF-329E-B388-A005A4E3FC52}</UniqueIdentifier>
    </Filter>
  </ItemGroup>
  <ItemGroup>
    <ClInclude Include="..\source\module\Encryptor.h">
      <Filter>Source Files</Filter>
    </ClInclude>
    <ClInclude Include="..\source\module\Polynomial.h">
      <Filter>Source Files</Filter>
    </ClInclude>
  </ItemGroup>
</Project>