<?xml version="1.0" encoding="utf-8"?>
<Project ToolsVersion="17.0" xmlns="http://schemas.microsoft.com/developer/msbuild/2003">
  <ItemGroup>
    <CustomBuild Include="D:\MPC-MOK\project\mpa_mok_project_git\PyRBinLWE\VS_Studio_project\CMakeFiles\ecb081704cf563b787d56fd0f17ae636\generate.stamp.rule">
      <Filter>CMake Rules</Filter>
    </CustomBuild>
  </ItemGroup>
  <ItemGroup>
    <Filter Include="CMake Rules">
      <UniqueIdentifier>{12FF0722-BE35-3444-8ECD-6C3EC11BFEE6}</UniqueIdentifier>
    </Filter>
  </ItemGroup>
</Project>
